
Microsoft Visual Studio Solution File, Format Version 12.00
# Visual Studio Version 16
VisualStudioVersion = 16.0.31515.178
MinimumVisualStudioVersion = 10.0.40219.1
Project("{FAE04EC0-301F-11D3-BF4B-00C04F79EFBC}") = "Smart_Store.Web", "Smart_Store.Web\Smart_Store.Web.csproj", "{7BF0DA0E-CC94-4377-A4E6-62538A2DB228}"
EndProject
Global
	GlobalSection(SolutionConfigurationPlatforms) = preSolution
		Debug|Any CPU = Debug|Any CPU
		Release|Any CPU = Release|Any CPU
	EndGlobalSection
	GlobalSection(ProjectConfigurationPlatforms) = postSolution
		{7BF0DA0E-CC94-4377-A4E6-62538A2DB228}.Debug|Any CPU.ActiveCfg = Debug|Any CPU
		{7BF0DA0E-CC94-4377-A4E6-62538A2DB228}.Debug|Any CPU.Build.0 = Debug|Any CPU
		{7BF0DA0E-CC94-4377-A4E6-62538A2DB228}.Release|Any CPU.ActiveCfg = Release|Any CPU
		{7BF0DA0E-CC94-4377-A4E6-62538A2DB228}.Release|Any CPU.Build.0 = Release|Any CPU
	EndGlobalSection
	GlobalSection(SolutionProperties) = preSolution
		HideSolutionNode = FALSE
	EndGlobalSection
	GlobalSection(ExtensibilityGlobals) = postSolution
		SolutionGuid = {6D60ADAF-0F3A-464C-9855-62044817F8FA}
	EndGlobalSection
EndGlobal
